
Microsoft Visual Studio Solution File, Format Version 12.00
# Visual Studio Version 17
VisualStudioVersion = 17.8.34511.84
MinimumVisualStudioVersion = 10.0.40219.1
Project("{2150E333-8FDC-42A3-9474-1A3956D46DE8}") = "Learn", "Learn", "{974DDCD6-EA48-4F8B-9D48-01A1059A040D}"
EndProject
Project("{FAE04EC0-301F-11D3-BF4B-00C04F79EFBC}") = "Les Classes", "..\Classes\Les Classes.csproj", "{420D34F9-B936-4D36-BA97-183EA3207C71}"
EndProject
Project("{FAE04EC0-301F-11D3-BF4B-00C04F79EFBC}") = "Les Variables", "..\Les Variables\Les Variables.csproj", "{3557BC46-4CA4-43F9-866D-0E59E8EC79D2}"
EndProject
Project("{FAE04EC0-301F-11D3-BF4B-00C04F79EFBC}") = "Les Fonctions", "..\Les Fonctions\Les Fonctions.csproj", "{F7DA74EB-34DD-419E-9F4A-A7166AB2F12F}"
EndProject
Project("{FAE04EC0-301F-11D3-BF4B-00C04F79EFBC}") = "Les Conditions", "..\Les Conditions\Les Conditions.csproj", "{BE94B33A-F905-4594-B3F5-EC2B3A52A52B}"
EndProject
Global
	GlobalSection(SolutionConfigurationPlatforms) = preSolution
		Debug|Any CPU = Debug|Any CPU
		Release|Any CPU = Release|Any CPU
	EndGlobalSection
	GlobalSection(ProjectConfigurationPlatforms) = postSolution
		{420D34F9-B936-4D36-BA97-183EA3207C71}.Debug|Any CPU.ActiveCfg = Debug|Any CPU
		{420D34F9-B936-4D36-BA97-183EA3207C71}.Debug|Any CPU.Build.0 = Debug|Any CPU
		{420D34F9-B936-4D36-BA97-183EA3207C71}.Release|Any CPU.ActiveCfg = Release|Any CPU
		{420D34F9-B936-4D36-BA97-183EA3207C71}.Release|Any CPU.Build.0 = Release|Any CPU
		{3557BC46-4CA4-43F9-866D-0E59E8EC79D2}.Debug|Any CPU.ActiveCfg = Debug|Any CPU
		{3557BC46-4CA4-43F9-866D-0E59E8EC79D2}.Debug|Any CPU.Build.0 = Debug|Any CPU
		{3557BC46-4CA4-43F9-866D-0E59E8EC79D2}.Release|Any CPU.ActiveCfg = Release|Any CPU
		{3557BC46-4CA4-43F9-866D-0E59E8EC79D2}.Release|Any CPU.Build.0 = Release|Any CPU
		{F7DA74EB-34DD-419E-9F4A-A7166AB2F12F}.Debug|Any CPU.ActiveCfg = Debug|Any CPU
		{F7DA74EB-34DD-419E-9F4A-A7166AB2F12F}.Debug|Any CPU.Build.0 = Debug|Any CPU
		{F7DA74EB-34DD-419E-9F4A-A7166AB2F12F}.Release|Any CPU.ActiveCfg = Release|Any CPU
		{F7DA74EB-34DD-419E-9F4A-A7166AB2F12F}.Release|Any CPU.Build.0 = Release|Any CPU
		{BE94B33A-F905-4594-B3F5-EC2B3A52A52B}.Debug|Any CPU.ActiveCfg = Debug|Any CPU
		{BE94B33A-F905-4594-B3F5-EC2B3A52A52B}.Debug|Any CPU.Build.0 = Debug|Any CPU
		{BE94B33A-F905-4594-B3F5-EC2B3A52A52B}.Release|Any CPU.ActiveCfg = Release|Any CPU
		{BE94B33A-F905-4594-B3F5-EC2B3A52A52B}.Release|Any CPU.Build.0 = Release|Any CPU
	EndGlobalSection
	GlobalSection(SolutionProperties) = preSolution
		HideSolutionNode = FALSE
	EndGlobalSection
	GlobalSection(NestedProjects) = preSolution
		{420D34F9-B936-4D36-BA97-183EA3207C71} = {974DDCD6-EA48-4F8B-9D48-01A1059A040D}
		{3557BC46-4CA4-43F9-866D-0E59E8EC79D2} = {974DDCD6-EA48-4F8B-9D48-01A1059A040D}
		{F7DA74EB-34DD-419E-9F4A-A7166AB2F12F} = {974DDCD6-EA48-4F8B-9D48-01A1059A040D}
		{BE94B33A-F905-4594-B3F5-EC2B3A52A52B} = {974DDCD6-EA48-4F8B-9D48-01A1059A040D}
	EndGlobalSection
	GlobalSection(ExtensibilityGlobals) = postSolution
		SolutionGuid = {784D53CD-9E1D-4F53-8388-FDFC0C43C04C}
	EndGlobalSection
EndGlobal
