
Microsoft Visual Studio Solution File, Format Version 12.00
# Visual Studio Version 17
VisualStudioVersion = 17.8.34511.84
MinimumVisualStudioVersion = 10.0.40219.1
Project("{2150E333-8FDC-42A3-9474-1A3956D46DE8}") = "Csharp", "Csharp", "{898547A7-1D8F-4FA9-8DD1-81C6149BDFA6}"
EndProject
Project("{9A19103F-16F7-4668-BE54-9A1E7A4F7556}") = "Les_Classes", "Les_Classes\Les_Classes.csproj", "{90176C48-2784-4991-8757-4E85308BACC6}"
EndProject
Project("{9A19103F-16F7-4668-BE54-9A1E7A4F7556}") = "Les_Variables", "Les_Variables\Les_Variables.csproj", "{B4E2CFA8-3B60-475D-ABB6-22A0B1770EBF}"
EndProject
Project("{9A19103F-16F7-4668-BE54-9A1E7A4F7556}") = "Les_Fonctions", "Les_Fonctions\Les_Fonctions.csproj", "{D8DB18C3-FBC7-4DD9-80AA-CD09F80220DF}"
EndProject
Project("{9A19103F-16F7-4668-BE54-9A1E7A4F7556}") = "Les_Conditions", "Les_Conditions\Les_Conditions.csproj", "{547BCD96-DA29-4017-996F-D342670450B0}"
EndProject
Project("{9A19103F-16F7-4668-BE54-9A1E7A4F7556}") = "Les_Boucles", "Les_Boucles\Les_Boucles.csproj", "{E90751FC-3202-4953-83D7-8576E746F6F7}"
EndProject
Project("{9A19103F-16F7-4668-BE54-9A1E7A4F7556}") = "Les_Tableaux", "Les_Tableaux\Les_Tableaux.csproj", "{0461EE30-5042-46E0-9C84-0171B87700EC}"
EndProject
Project("{9A19103F-16F7-4668-BE54-9A1E7A4F7556}") = "Les_Listes", "Les_Listes\Les_Listes.csproj", "{508D153A-777A-4EB8-87A5-CA6C39A7DEAD}"
EndProject
Project("{FAE04EC0-301F-11D3-BF4B-00C04F79EFBC}") = "Cours", "Cours\Cours.csproj", "{6F73E6B3-87C2-49A4-8152-66B27B0DB398}"
EndProject
Global
	GlobalSection(SolutionConfigurationPlatforms) = preSolution
		Debug|Any CPU = Debug|Any CPU
		Release|Any CPU = Release|Any CPU
	EndGlobalSection
	GlobalSection(ProjectConfigurationPlatforms) = postSolution
		{90176C48-2784-4991-8757-4E85308BACC6}.Debug|Any CPU.ActiveCfg = Debug|Any CPU
		{90176C48-2784-4991-8757-4E85308BACC6}.Debug|Any CPU.Build.0 = Debug|Any CPU
		{90176C48-2784-4991-8757-4E85308BACC6}.Release|Any CPU.ActiveCfg = Release|Any CPU
		{90176C48-2784-4991-8757-4E85308BACC6}.Release|Any CPU.Build.0 = Release|Any CPU
		{B4E2CFA8-3B60-475D-ABB6-22A0B1770EBF}.Debug|Any CPU.ActiveCfg = Debug|Any CPU
		{B4E2CFA8-3B60-475D-ABB6-22A0B1770EBF}.Debug|Any CPU.Build.0 = Debug|Any CPU
		{B4E2CFA8-3B60-475D-ABB6-22A0B1770EBF}.Release|Any CPU.ActiveCfg = Release|Any CPU
		{B4E2CFA8-3B60-475D-ABB6-22A0B1770EBF}.Release|Any CPU.Build.0 = Release|Any CPU
		{D8DB18C3-FBC7-4DD9-80AA-CD09F80220DF}.Debug|Any CPU.ActiveCfg = Debug|Any CPU
		{D8DB18C3-FBC7-4DD9-80AA-CD09F80220DF}.Debug|Any CPU.Build.0 = Debug|Any CPU
		{D8DB18C3-FBC7-4DD9-80AA-CD09F80220DF}.Release|Any CPU.ActiveCfg = Release|Any CPU
		{D8DB18C3-FBC7-4DD9-80AA-CD09F80220DF}.Release|Any CPU.Build.0 = Release|Any CPU
		{547BCD96-DA29-4017-996F-D342670450B0}.Debug|Any CPU.ActiveCfg = Debug|Any CPU
		{547BCD96-DA29-4017-996F-D342670450B0}.Debug|Any CPU.Build.0 = Debug|Any CPU
		{547BCD96-DA29-4017-996F-D342670450B0}.Release|Any CPU.ActiveCfg = Release|Any CPU
		{547BCD96-DA29-4017-996F-D342670450B0}.Release|Any CPU.Build.0 = Release|Any CPU
		{E90751FC-3202-4953-83D7-8576E746F6F7}.Debug|Any CPU.ActiveCfg = Debug|Any CPU
		{E90751FC-3202-4953-83D7-8576E746F6F7}.Debug|Any CPU.Build.0 = Debug|Any CPU
		{E90751FC-3202-4953-83D7-8576E746F6F7}.Release|Any CPU.ActiveCfg = Release|Any CPU
		{E90751FC-3202-4953-83D7-8576E746F6F7}.Release|Any CPU.Build.0 = Release|Any CPU
		{0461EE30-5042-46E0-9C84-0171B87700EC}.Debug|Any CPU.ActiveCfg = Debug|Any CPU
		{0461EE30-5042-46E0-9C84-0171B87700EC}.Debug|Any CPU.Build.0 = Debug|Any CPU
		{0461EE30-5042-46E0-9C84-0171B87700EC}.Release|Any CPU.ActiveCfg = Release|Any CPU
		{0461EE30-5042-46E0-9C84-0171B87700EC}.Release|Any CPU.Build.0 = Release|Any CPU
		{508D153A-777A-4EB8-87A5-CA6C39A7DEAD}.Debug|Any CPU.ActiveCfg = Debug|Any CPU
		{508D153A-777A-4EB8-87A5-CA6C39A7DEAD}.Debug|Any CPU.Build.0 = Debug|Any CPU
		{508D153A-777A-4EB8-87A5-CA6C39A7DEAD}.Release|Any CPU.ActiveCfg = Release|Any CPU
		{508D153A-777A-4EB8-87A5-CA6C39A7DEAD}.Release|Any CPU.Build.0 = Release|Any CPU
		{6F73E6B3-87C2-49A4-8152-66B27B0DB398}.Debug|Any CPU.ActiveCfg = Debug|Any CPU
		{6F73E6B3-87C2-49A4-8152-66B27B0DB398}.Debug|Any CPU.Build.0 = Debug|Any CPU
		{6F73E6B3-87C2-49A4-8152-66B27B0DB398}.Release|Any CPU.ActiveCfg = Release|Any CPU
		{6F73E6B3-87C2-49A4-8152-66B27B0DB398}.Release|Any CPU.Build.0 = Release|Any CPU
	EndGlobalSection
	GlobalSection(SolutionProperties) = preSolution
		HideSolutionNode = FALSE
	EndGlobalSection
	GlobalSection(NestedProjects) = preSolution
		{90176C48-2784-4991-8757-4E85308BACC6} = {898547A7-1D8F-4FA9-8DD1-81C6149BDFA6}
		{B4E2CFA8-3B60-475D-ABB6-22A0B1770EBF} = {898547A7-1D8F-4FA9-8DD1-81C6149BDFA6}
		{D8DB18C3-FBC7-4DD9-80AA-CD09F80220DF} = {898547A7-1D8F-4FA9-8DD1-81C6149BDFA6}
		{547BCD96-DA29-4017-996F-D342670450B0} = {898547A7-1D8F-4FA9-8DD1-81C6149BDFA6}
		{E90751FC-3202-4953-83D7-8576E746F6F7} = {898547A7-1D8F-4FA9-8DD1-81C6149BDFA6}
		{0461EE30-5042-46E0-9C84-0171B87700EC} = {898547A7-1D8F-4FA9-8DD1-81C6149BDFA6}
		{508D153A-777A-4EB8-87A5-CA6C39A7DEAD} = {898547A7-1D8F-4FA9-8DD1-81C6149BDFA6}
		{6F73E6B3-87C2-49A4-8152-66B27B0DB398} = {898547A7-1D8F-4FA9-8DD1-81C6149BDFA6}
	EndGlobalSection
	GlobalSection(ExtensibilityGlobals) = postSolution
		SolutionGuid = {784D53CD-9E1D-4F53-8388-FDFC0C43C04C}
	EndGlobalSection
EndGlobal
